// !$*UTF8*$!
{
	archiveVersion = 1;
	classes = {
	};
	objectVersion = 50;
	objects = {

/* Begin PBXBuildFile section */
		8E5D4A2B2294563B0050DC95 /* DecimalMinusTextField.swift in Sources */ = {isa = PBXBuildFile; fileRef = 8E5D4A2A2294563B0050DC95 /* DecimalMinusTextField.swift */; };
		8E7A042C229D79E2001133BF /* GeoCalcTextField.swift in Sources */ = {isa = PBXBuildFile; fileRef = 8E7A042B229D79E2001133BF /* GeoCalcTextField.swift */; };
		8E7A042E229D7DC0001133BF /* GeoCalcLabel.swift in Sources */ = {isa = PBXBuildFile; fileRef = 8E7A042D229D7DC0001133BF /* GeoCalcLabel.swift */; };
		8E7A0430229D7E61001133BF /* GeoCalcButton.swift in Sources */ = {isa = PBXBuildFile; fileRef = 8E7A042F229D7E61001133BF /* GeoCalcButton.swift */; };
		8E8BDEFE228CDD9000FEA765 /* SettingControllerViewController.swift in Sources */ = {isa = PBXBuildFile; fileRef = 8E8BDEFD228CDD9000FEA765 /* SettingControllerViewController.swift */; };
		8E97F76422A09B1B001B0505 /* HistoryTableViewCell.swift in Sources */ = {isa = PBXBuildFile; fileRef = 8E97F76322A09B1B001B0505 /* HistoryTableViewCell.swift */; };
		8EA7D742228B984800452676 /* AppDelegate.swift in Sources */ = {isa = PBXBuildFile; fileRef = 8EA7D741228B984800452676 /* AppDelegate.swift */; };
		8EA7D744228B984800452676 /* ViewController.swift in Sources */ = {isa = PBXBuildFile; fileRef = 8EA7D743228B984800452676 /* ViewController.swift */; };
		8EA7D747228B984800452676 /* Main.storyboard in Resources */ = {isa = PBXBuildFile; fileRef = 8EA7D745228B984800452676 /* Main.storyboard */; };
		8EA7D749228B984900452676 /* Assets.xcassets in Resources */ = {isa = PBXBuildFile; fileRef = 8EA7D748228B984900452676 /* Assets.xcassets */; };
		8EA7D74C228B984900452676 /* LaunchScreen.storyboard in Resources */ = {isa = PBXBuildFile; fileRef = 8EA7D74A228B984900452676 /* LaunchScreen.storyboard */; };
		8EA7D757228B984900452676 /* CIS657_Hw3Tests.swift in Sources */ = {isa = PBXBuildFile; fileRef = 8EA7D756228B984900452676 /* CIS657_Hw3Tests.swift */; };
		8EA7D762228B984900452676 /* CIS657_Hw3UITests.swift in Sources */ = {isa = PBXBuildFile; fileRef = 8EA7D761228B984900452676 /* CIS657_Hw3UITests.swift */; };
		8EDD6D18229DF13C00549D78 /* LocationLookup.swift in Sources */ = {isa = PBXBuildFile; fileRef = 8EDD6D17229DF13C00549D78 /* LocationLookup.swift */; };
		8EDD6D1A229DFD5300549D78 /* HistoryTableViewController.swift in Sources */ = {isa = PBXBuildFile; fileRef = 8EDD6D19229DFD5300549D78 /* HistoryTableViewController.swift */; };
/* End PBXBuildFile section */

/* Begin PBXContainerItemProxy section */
		8EA7D753228B984900452676 /* PBXContainerItemProxy */ = {
			isa = PBXContainerItemProxy;
			containerPortal = 8EA7D736228B984800452676 /* Project object */;
			proxyType = 1;
			remoteGlobalIDString = 8EA7D73D228B984800452676;
			remoteInfo = CIS657_Hw3;
		};
		8EA7D75E228B984900452676 /* PBXContainerItemProxy */ = {
			isa = PBXContainerItemProxy;
			containerPortal = 8EA7D736228B984800452676 /* Project object */;
			proxyType = 1;
			remoteGlobalIDString = 8EA7D73D228B984800452676;
			remoteInfo = CIS657_Hw3;
		};
/* End PBXContainerItemProxy section */

/* Begin PBXFileReference section */
		8E5D4A2A2294563B0050DC95 /* DecimalMinusTextField.swift */ = {isa = PBXFileReference; lastKnownFileType = sourcecode.swift; path = DecimalMinusTextField.swift; sourceTree = "<group>"; };
		8E7A042B229D79E2001133BF /* GeoCalcTextField.swift */ = {isa = PBXFileReference; lastKnownFileType = sourcecode.swift; path = GeoCalcTextField.swift; sourceTree = "<group>"; };
		8E7A042D229D7DC0001133BF /* GeoCalcLabel.swift */ = {isa = PBXFileReference; lastKnownFileType = sourcecode.swift; path = GeoCalcLabel.swift; sourceTree = "<group>"; };
		8E7A042F229D7E61001133BF /* GeoCalcButton.swift */ = {isa = PBXFileReference; lastKnownFileType = sourcecode.swift; path = GeoCalcButton.swift; sourceTree = "<group>"; };
		8E8BDEFD228CDD9000FEA765 /* SettingControllerViewController.swift */ = {isa = PBXFileReference; lastKnownFileType = sourcecode.swift; path = SettingControllerViewController.swift; sourceTree = "<group>"; };
		8E97F76322A09B1B001B0505 /* HistoryTableViewCell.swift */ = {isa = PBXFileReference; lastKnownFileType = sourcecode.swift; path = HistoryTableViewCell.swift; sourceTree = "<group>"; };
		8EA7D73E228B984800452676 /* CIS657_Hw3.app */ = {isa = PBXFileReference; explicitFileType = wrapper.application; includeInIndex = 0; path = CIS657_Hw3.app; sourceTree = BUILT_PRODUCTS_DIR; };
		8EA7D741228B984800452676 /* AppDelegate.swift */ = {isa = PBXFileReference; lastKnownFileType = sourcecode.swift; path = AppDelegate.swift; sourceTree = "<group>"; };
		8EA7D743228B984800452676 /* ViewController.swift */ = {isa = PBXFileReference; lastKnownFileType = sourcecode.swift; path = ViewController.swift; sourceTree = "<group>"; };
		8EA7D746228B984800452676 /* Base */ = {isa = PBXFileReference; lastKnownFileType = file.storyboard; name = Base; path = Base.lproj/Main.storyboard; sourceTree = "<group>"; };
		8EA7D748228B984900452676 /* Assets.xcassets */ = {isa = PBXFileReference; lastKnownFileType = folder.assetcatalog; path = Assets.xcassets; sourceTree = "<group>"; };
		8EA7D74B228B984900452676 /* Base */ = {isa = PBXFileReference; lastKnownFileType = file.storyboard; name = Base; path = Base.lproj/LaunchScreen.storyboard; sourceTree = "<group>"; };
		8EA7D74D228B984900452676 /* Info.plist */ = {isa = PBXFileReference; lastKnownFileType = text.plist.xml; path = Info.plist; sourceTree = "<group>"; };
		8EA7D752228B984900452676 /* CIS657_Hw3Tests.xctest */ = {isa = PBXFileReference; explicitFileType = wrapper.cfbundle; includeInIndex = 0; path = CIS657_Hw3Tests.xctest; sourceTree = BUILT_PRODUCTS_DIR; };
		8EA7D756228B984900452676 /* CIS657_Hw3Tests.swift */ = {isa = PBXFileReference; lastKnownFileType = sourcecode.swift; path = CIS657_Hw3Tests.swift; sourceTree = "<group>"; };
		8EA7D758228B984900452676 /* Info.plist */ = {isa = PBXFileReference; lastKnownFileType = text.plist.xml; path = Info.plist; sourceTree = "<group>"; };
		8EA7D75D228B984900452676 /* CIS657_Hw3UITests.xctest */ = {isa = PBXFileReference; explicitFileType = wrapper.cfbundle; includeInIndex = 0; path = CIS657_Hw3UITests.xctest; sourceTree = BUILT_PRODUCTS_DIR; };
		8EA7D761228B984900452676 /* CIS657_Hw3UITests.swift */ = {isa = PBXFileReference; lastKnownFileType = sourcecode.swift; path = CIS657_Hw3UITests.swift; sourceTree = "<group>"; };
		8EA7D763228B984900452676 /* Info.plist */ = {isa = PBXFileReference; lastKnownFileType = text.plist.xml; path = Info.plist; sourceTree = "<group>"; };
		8EDD6D17229DF13C00549D78 /* LocationLookup.swift */ = {isa = PBXFileReference; lastKnownFileType = sourcecode.swift; path = LocationLookup.swift; sourceTree = "<group>"; };
		8EDD6D19229DFD5300549D78 /* HistoryTableViewController.swift */ = {isa = PBXFileReference; lastKnownFileType = sourcecode.swift; path = HistoryTableViewController.swift; sourceTree = "<group>"; };
/* End PBXFileReference section */

/* Begin PBXFrameworksBuildPhase section */
		8EA7D73B228B984800452676 /* Frameworks */ = {
			isa = PBXFrameworksBuildPhase;
			buildActionMask = 2147483647;
			files = (
			);
			runOnlyForDeploymentPostprocessing = 0;
		};
		8EA7D74F228B984900452676 /* Frameworks */ = {
			isa = PBXFrameworksBuildPhase;
			buildActionMask = 2147483647;
			files = (
			);
			runOnlyForDeploymentPostprocessing = 0;
		};
		8EA7D75A228B984900452676 /* Frameworks */ = {
			isa = PBXFrameworksBuildPhase;
			buildActionMask = 2147483647;
			files = (
			);
			runOnlyForDeploymentPostprocessing = 0;
		};
/* End PBXFrameworksBuildPhase section */

/* Begin PBXGroup section */
		8EA7D735228B984800452676 = {
			isa = PBXGroup;
			children = (
				8EA7D740228B984800452676 /* CIS657_Hw3 */,
				8EA7D755228B984900452676 /* CIS657_Hw3Tests */,
				8EA7D760228B984900452676 /* CIS657_Hw3UITests */,
				8EA7D73F228B984800452676 /* Products */,
			);
			sourceTree = "<group>";
		};
		8EA7D73F228B984800452676 /* Products */ = {
			isa = PBXGroup;
			children = (
				8EA7D73E228B984800452676 /* CIS657_Hw3.app */,
				8EA7D752228B984900452676 /* CIS657_Hw3Tests.xctest */,
				8EA7D75D228B984900452676 /* CIS657_Hw3UITests.xctest */,
			);
			name = Products;
			sourceTree = "<group>";
		};
		8EA7D740228B984800452676 /* CIS657_Hw3 */ = {
			isa = PBXGroup;
			children = (
				8E5D4A2A2294563B0050DC95 /* DecimalMinusTextField.swift */,
				8EA7D741228B984800452676 /* AppDelegate.swift */,
				8EA7D743228B984800452676 /* ViewController.swift */,
				8EA7D745228B984800452676 /* Main.storyboard */,
				8EA7D748228B984900452676 /* Assets.xcassets */,
				8EA7D74A228B984900452676 /* LaunchScreen.storyboard */,
				8EA7D74D228B984900452676 /* Info.plist */,
				8E8BDEFD228CDD9000FEA765 /* SettingControllerViewController.swift */,
				8E7A042B229D79E2001133BF /* GeoCalcTextField.swift */,
				8E7A042D229D7DC0001133BF /* GeoCalcLabel.swift */,
				8E7A042F229D7E61001133BF /* GeoCalcButton.swift */,
				8EDD6D17229DF13C00549D78 /* LocationLookup.swift */,
				8EDD6D19229DFD5300549D78 /* HistoryTableViewController.swift */,
				8E97F76322A09B1B001B0505 /* HistoryTableViewCell.swift */,
			);
			path = CIS657_Hw3;
			sourceTree = "<group>";
		};
		8EA7D755228B984900452676 /* CIS657_Hw3Tests */ = {
			isa = PBXGroup;
			children = (
				8EA7D756228B984900452676 /* CIS657_Hw3Tests.swift */,
				8EA7D758228B984900452676 /* Info.plist */,
			);
			path = CIS657_Hw3Tests;
			sourceTree = "<group>";
		};
		8EA7D760228B984900452676 /* CIS657_Hw3UITests */ = {
			isa = PBXGroup;
			children = (
				8EA7D761228B984900452676 /* CIS657_Hw3UITests.swift */,
				8EA7D763228B984900452676 /* Info.plist */,
			);
			path = CIS657_Hw3UITests;
			sourceTree = "<group>";
		};
/* End PBXGroup section */

/* Begin PBXNativeTarget section */
		8EA7D73D228B984800452676 /* CIS657_Hw3 */ = {
			isa = PBXNativeTarget;
			buildConfigurationList = 8EA7D766228B984900452676 /* Build configuration list for PBXNativeTarget "CIS657_Hw3" */;
			buildPhases = (
				8EA7D73A228B984800452676 /* Sources */,
				8EA7D73B228B984800452676 /* Frameworks */,
				8EA7D73C228B984800452676 /* Resources */,
			);
			buildRules = (
			);
			dependencies = (
			);
			name = CIS657_Hw3;
			productName = CIS657_Hw3;
			productReference = 8EA7D73E228B984800452676 /* CIS657_Hw3.app */;
			productType = "com.apple.product-type.application";
		};
		8EA7D751228B984900452676 /* CIS657_Hw3Tests */ = {
			isa = PBXNativeTarget;
			buildConfigurationList = 8EA7D769228B984900452676 /* Build configuration list for PBXNativeTarget "CIS657_Hw3Tests" */;
			buildPhases = (
				8EA7D74E228B984900452676 /* Sources */,
				8EA7D74F228B984900452676 /* Frameworks */,
				8EA7D750228B984900452676 /* Resources */,
			);
			buildRules = (
			);
			dependencies = (
				8EA7D754228B984900452676 /* PBXTargetDependency */,
			);
			name = CIS657_Hw3Tests;
			productName = CIS657_Hw3Tests;
			productReference = 8EA7D752228B984900452676 /* CIS657_Hw3Tests.xctest */;
			productType = "com.apple.product-type.bundle.unit-test";
		};
		8EA7D75C228B984900452676 /* CIS657_Hw3UITests */ = {
			isa = PBXNativeTarget;
			buildConfigurationList = 8EA7D76C228B984900452676 /* Build configuration list for PBXNativeTarget "CIS657_Hw3UITests" */;
			buildPhases = (
				8EA7D759228B984900452676 /* Sources */,
				8EA7D75A228B984900452676 /* Frameworks */,
				8EA7D75B228B984900452676 /* Resources */,
			);
			buildRules = (
			);
			dependencies = (
				8EA7D75F228B984900452676 /* PBXTargetDependency */,
			);
			name = CIS657_Hw3UITests;
			productName = CIS657_Hw3UITests;
			productReference = 8EA7D75D228B984900452676 /* CIS657_Hw3UITests.xctest */;
			productType = "com.apple.product-type.bundle.ui-testing";
		};
/* End PBXNativeTarget section */

/* Begin PBXProject section */
		8EA7D736228B984800452676 /* Project object */ = {
			isa = PBXProject;
			attributes = {
				LastSwiftUpdateCheck = 1020;
				LastUpgradeCheck = 1020;
				ORGANIZATIONNAME = "Recodeo Rekod";
				TargetAttributes = {
					8EA7D73D228B984800452676 = {
						CreatedOnToolsVersion = 10.2.1;
					};
					8EA7D751228B984900452676 = {
						CreatedOnToolsVersion = 10.2.1;
						TestTargetID = 8EA7D73D228B984800452676;
					};
					8EA7D75C228B984900452676 = {
						CreatedOnToolsVersion = 10.2.1;
						TestTargetID = 8EA7D73D228B984800452676;
					};
				};
			};
			buildConfigurationList = 8EA7D739228B984800452676 /* Build configuration list for PBXProject "CIS657_Hw3" */;
			compatibilityVersion = "Xcode 9.3";
			developmentRegion = en;
			hasScannedForEncodings = 0;
			knownRegions = (
				en,
				Base,
			);
			mainGroup = 8EA7D735228B984800452676;
			productRefGroup = 8EA7D73F228B984800452676 /* Products */;
			projectDirPath = "";
			projectRoot = "";
			targets = (
				8EA7D73D228B984800452676 /* CIS657_Hw3 */,
				8EA7D751228B984900452676 /* CIS657_Hw3Tests */,
				8EA7D75C228B984900452676 /* CIS657_Hw3UITests */,
			);
		};
/* End PBXProject section */

/* Begin PBXResourcesBuildPhase section */
		8EA7D73C228B984800452676 /* Resources */ = {
			isa = PBXResourcesBuildPhase;
			buildActionMask = 2147483647;
			files = (
				8EA7D74C228B984900452676 /* LaunchScreen.storyboard in Resources */,
				8EA7D749228B984900452676 /* Assets.xcassets in Resources */,
				8EA7D747228B984800452676 /* Main.storyboard in Resources */,
			);
			runOnlyForDeploymentPostprocessing = 0;
		};
		8EA7D750228B984900452676 /* Resources */ = {
			isa = PBXResourcesBuildPhase;
			buildActionMask = 2147483647;
			files = (
			);
			runOnlyForDeploymentPostprocessing = 0;
		};
		8EA7D75B228B984900452676 /* Resources */ = {
			isa = PBXResourcesBuildPhase;
			buildActionMask = 2147483647;
			files = (
			);
			runOnlyForDeploymentPostprocessing = 0;
		};
/* End PBXResourcesBuildPhase section */

/* Begin PBXSourcesBuildPhase section */
		8EA7D73A228B984800452676 /* Sources */ = {
			isa = PBXSourcesBuildPhase;
			buildActionMask = 2147483647;
			files = (
				8E8BDEFE228CDD9000FEA765 /* SettingControllerViewController.swift in Sources */,
				8EA7D744228B984800452676 /* ViewController.swift in Sources */,
				8EDD6D18229DF13C00549D78 /* LocationLookup.swift in Sources */,
				8E5D4A2B2294563B0050DC95 /* DecimalMinusTextField.swift in Sources */,
				8E97F76422A09B1B001B0505 /* HistoryTableViewCell.swift in Sources */,
				8EA7D742228B984800452676 /* AppDelegate.swift in Sources */,
				8EDD6D1A229DFD5300549D78 /* HistoryTableViewController.swift in Sources */,
				8E7A042C229D79E2001133BF /* GeoCalcTextField.swift in Sources */,
				8E7A042E229D7DC0001133BF /* GeoCalcLabel.swift in Sources */,
				8E7A0430229D7E61001133BF /* GeoCalcButton.swift in Sources */,
			);
			runOnlyForDeploymentPostprocessing = 0;
		};
		8EA7D74E228B984900452676 /* Sources */ = {
			isa = PBXSourcesBuildPhase;
			buildActionMask = 2147483647;
			files = (
				8EA7D757228B984900452676 /* CIS657_Hw3Tests.swift in Sources */,
			);
			runOnlyForDeploymentPostprocessing = 0;
		};
		8EA7D759228B984900452676 /* Sources */ = {
			isa = PBXSourcesBuildPhase;
			buildActionMask = 2147483647;
			files = (
				8EA7D762228B984900452676 /* CIS657_Hw3UITests.swift in Sources */,
			);
			runOnlyForDeploymentPostprocessing = 0;
		};
/* End PBXSourcesBuildPhase section */

/* Begin PBXTargetDependency section */
		8EA7D754228B984900452676 /* PBXTargetDependency */ = {
			isa = PBXTargetDependency;
			target = 8EA7D73D228B984800452676 /* CIS657_Hw3 */;
			targetProxy = 8EA7D753228B984900452676 /* PBXContainerItemProxy */;
		};
		8EA7D75F228B984900452676 /* PBXTargetDependency */ = {
			isa = PBXTargetDependency;
			target = 8EA7D73D228B984800452676 /* CIS657_Hw3 */;
			targetProxy = 8EA7D75E228B984900452676 /* PBXContainerItemProxy */;
		};
/* End PBXTargetDependency section */

/* Begin PBXVariantGroup section */
		8EA7D745228B984800452676 /* Main.storyboard */ = {
			isa = PBXVariantGroup;
			children = (
				8EA7D746228B984800452676 /* Base */,
			);
			name = Main.storyboard;
			sourceTree = "<group>";
		};
		8EA7D74A228B984900452676 /* LaunchScreen.storyboard */ = {
			isa = PBXVariantGroup;
			children = (
				8EA7D74B228B984900452676 /* Base */,
			);
			name = LaunchScreen.storyboard;
			sourceTree = "<group>";
		};
/* End PBXVariantGroup section */

/* Begin XCBuildConfiguration section */
		8EA7D764228B984900452676 /* Debug */ = {
			isa = XCBuildConfiguration;
			buildSettings = {
				ALWAYS_SEARCH_USER_PATHS = NO;
				CLANG_ANALYZER_NONNULL = YES;
				CLANG_ANALYZER_NUMBER_OBJECT_CONVERSION = YES_AGGRESSIVE;
				CLANG_CXX_LANGUAGE_STANDARD = "gnu++14";
				CLANG_CXX_LIBRARY = "libc++";
				CLANG_ENABLE_MODULES = YES;
				CLANG_ENABLE_OBJC_ARC = YES;
				CLANG_ENABLE_OBJC_WEAK = YES;
				CLANG_WARN_BLOCK_CAPTURE_AUTORELEASING = YES;
				CLANG_WARN_BOOL_CONVERSION = YES;
				CLANG_WARN_COMMA = YES;
				CLANG_WARN_CONSTANT_CONVERSION = YES;
				CLANG_WARN_DEPRECATED_OBJC_IMPLEMENTATIONS = YES;
				CLANG_WARN_DIRECT_OBJC_ISA_USAGE = YES_ERROR;
				CLANG_WARN_DOCUMENTATION_COMMENTS = YES;
				CLANG_WARN_EMPTY_BODY = YES;
				CLANG_WARN_ENUM_CONVERSION = YES;
				CLANG_WARN_INFINITE_RECURSION = YES;
				CLANG_WARN_INT_CONVERSION = YES;
				CLANG_WARN_NON_LITERAL_NULL_CONVERSION = YES;
				CLANG_WARN_OBJC_IMPLICIT_RETAIN_SELF = YES;
				CLANG_WARN_OBJC_LITERAL_CONVERSION = YES;
				CLANG_WARN_OBJC_ROOT_CLASS = YES_ERROR;
				CLANG_WARN_RANGE_LOOP_ANALYSIS = YES;
				CLANG_WARN_STRICT_PROTOTYPES = YES;
				CLANG_WARN_SUSPICIOUS_MOVE = YES;
				CLANG_WARN_UNGUARDED_AVAILABILITY = YES_AGGRESSIVE;
				CLANG_WARN_UNREACHABLE_CODE = YES;
				CLANG_WARN__DUPLICATE_METHOD_MATCH = YES;
				CODE_SIGN_IDENTITY = "iPhone Developer";
				COPY_PHASE_STRIP = NO;
				DEBUG_INFORMATION_FORMAT = dwarf;
				ENABLE_STRICT_OBJC_MSGSEND = YES;
				ENABLE_TESTABILITY = YES;
				GCC_C_LANGUAGE_STANDARD = gnu11;
				GCC_DYNAMIC_NO_PIC = NO;
				GCC_NO_COMMON_BLOCKS = YES;
				GCC_OPTIMIZATION_LEVEL = 0;
				GCC_PREPROCESSOR_DEFINITIONS = (
					"DEBUG=1",
					"$(inherited)",
				);
				GCC_WARN_64_TO_32_BIT_CONVERSION = YES;
				GCC_WARN_ABOUT_RETURN_TYPE = YES_ERROR;
				GCC_WARN_UNDECLARED_SELECTOR = YES;
				GCC_WARN_UNINITIALIZED_AUTOS = YES_AGGRESSIVE;
				GCC_WARN_UNUSED_FUNCTION = YES;
				GCC_WARN_UNUSED_VARIABLE = YES;
				IPHONEOS_DEPLOYMENT_TARGET = 12.2;
				MTL_ENABLE_DEBUG_INFO = INCLUDE_SOURCE;
				MTL_FAST_MATH = YES;
				ONLY_ACTIVE_ARCH = YES;
				SDKROOT = iphoneos;
				SWIFT_ACTIVE_COMPILATION_CONDITIONS = DEBUG;
				SWIFT_OPTIMIZATION_LEVEL = "-Onone";
			};
			name = Debug;
		};
		8EA7D765228B984900452676 /* Release */ = {
			isa = XCBuildConfiguration;
			buildSettings = {
				ALWAYS_SEARCH_USER_PATHS = NO;
				CLANG_ANALYZER_NONNULL = YES;
				CLANG_ANALYZER_NUMBER_OBJECT_CONVERSION = YES_AGGRESSIVE;
				CLANG_CXX_LANGUAGE_STANDARD = "gnu++14";
				CLANG_CXX_LIBRARY = "libc++";
				CLANG_ENABLE_MODULES = YES;
				CLANG_ENABLE_OBJC_ARC = YES;
				CLANG_ENABLE_OBJC_WEAK = YES;
				CLANG_WARN_BLOCK_CAPTURE_AUTORELEASING = YES;
				CLANG_WARN_BOOL_CONVERSION = YES;
				CLANG_WARN_COMMA = YES;
				CLANG_WARN_CONSTANT_CONVERSION = YES;
				CLANG_WARN_DEPRECATED_OBJC_IMPLEMENTATIONS = YES;
				CLANG_WARN_DIRECT_OBJC_ISA_USAGE = YES_ERROR;
				CLANG_WARN_DOCUMENTATION_COMMENTS = YES;
				CLANG_WARN_EMPTY_BODY = YES;
				CLANG_WARN_ENUM_CONVERSION = YES;
				CLANG_WARN_INFINITE_RECURSION = YES;
				CLANG_WARN_INT_CONVERSION = YES;
				CLANG_WARN_NON_LITERAL_NULL_CONVERSION = YES;
				CLANG_WARN_OBJC_IMPLICIT_RETAIN_SELF = YES;
				CLANG_WARN_OBJC_LITERAL_CONVERSION = YES;
				CLANG_WARN_OBJC_ROOT_CLASS = YES_ERROR;
				CLANG_WARN_RANGE_LOOP_ANALYSIS = YES;
				CLANG_WARN_STRICT_PROTOTYPES = YES;
				CLANG_WARN_SUSPICIOUS_MOVE = YES;
				CLANG_WARN_UNGUARDED_AVAILABILITY = YES_AGGRESSIVE;
				CLANG_WARN_UNREACHABLE_CODE = YES;
				CLANG_WARN__DUPLICATE_METHOD_MATCH = YES;
				CODE_SIGN_IDENTITY = "iPhone Developer";
				COPY_PHASE_STRIP = NO;
				DEBUG_INFORMATION_FORMAT = "dwarf-with-dsym";
				ENABLE_NS_ASSERTIONS = NO;
				ENABLE_STRICT_OBJC_MSGSEND = YES;
				GCC_C_LANGUAGE_STANDARD = gnu11;
				GCC_NO_COMMON_BLOCKS = YES;
				GCC_WARN_64_TO_32_BIT_CONVERSION = YES;
				GCC_WARN_ABOUT_RETURN_TYPE = YES_ERROR;
				GCC_WARN_UNDECLARED_SELECTOR = YES;
				GCC_WARN_UNINITIALIZED_AUTOS = YES_AGGRESSIVE;
				GCC_WARN_UNUSED_FUNCTION = YES;
				GCC_WARN_UNUSED_VARIABLE = YES;
				IPHONEOS_DEPLOYMENT_TARGET = 12.2;
				MTL_ENABLE_DEBUG_INFO = NO;
				MTL_FAST_MATH = YES;
				SDKROOT = iphoneos;
				SWIFT_COMPILATION_MODE = wholemodule;
				SWIFT_OPTIMIZATION_LEVEL = "-O";
				VALIDATE_PRODUCT = YES;
			};
			name = Release;
		};
		8EA7D767228B984900452676 /* Debug */ = {
			isa = XCBuildConfiguration;
			buildSettings = {
				ASSETCATALOG_COMPILER_APPICON_NAME = AppIcon;
				CODE_SIGN_STYLE = Automatic;
				DEVELOPMENT_TEAM = ULF76BYPJ4;
				INFOPLIST_FILE = CIS657_Hw3/Info.plist;
				LD_RUNPATH_SEARCH_PATHS = (
					"$(inherited)",
					"@executable_path/Frameworks",
				);
				PRODUCT_BUNDLE_IDENTIFIER = "MAI-REKOD";
				PRODUCT_NAME = "$(TARGET_NAME)";
				SWIFT_VERSION = 5.0;
				TARGETED_DEVICE_FAMILY = "1,2";
			};
			name = Debug;
		};
		8EA7D768228B984900452676 /* Release */ = {
			isa = XCBuildConfiguration;
			buildSettings = {
				ASSETCATALOG_COMPILER_APPICON_NAME = AppIcon;
				CODE_SIGN_STYLE = Automatic;
				DEVELOPMENT_TEAM = ULF76BYPJ4;
				INFOPLIST_FILE = CIS657_Hw3/Info.plist;
				LD_RUNPATH_SEARCH_PATHS = (
					"$(inherited)",
					"@executable_path/Frameworks",
				);
				PRODUCT_BUNDLE_IDENTIFIER = "MAI-REKOD";
				PRODUCT_NAME = "$(TARGET_NAME)";
				SWIFT_VERSION = 5.0;
				TARGETED_DEVICE_FAMILY = "1,2";
			};
			name = Release;
		};
		8EA7D76A228B984900452676 /* Debug */ = {
			isa = XCBuildConfiguration;
			buildSettings = {
				ALWAYS_EMBED_SWIFT_STANDARD_LIBRARIES = YES;
				BUNDLE_LOADER = "$(TEST_HOST)";
				CODE_SIGN_STYLE = Automatic;
				INFOPLIST_FILE = CIS657_Hw3Tests/Info.plist;
				LD_RUNPATH_SEARCH_PATHS = (
					"$(inherited)",
					"@executable_path/Frameworks",
					"@loader_path/Frameworks",
				);
				PRODUCT_BUNDLE_IDENTIFIER = "gvsu-mai-rkd.CIS657-Hw3Tests";
				PRODUCT_NAME = "$(TARGET_NAME)";
				SWIFT_VERSION = 5.0;
				TARGETED_DEVICE_FAMILY = "1,2";
				TEST_HOST = "$(BUILT_PRODUCTS_DIR)/CIS657_Hw3.app/CIS657_Hw3";
			};
			name = Debug;
		};
		8EA7D76B228B984900452676 /* Release */ = {
			isa = XCBuildConfiguration;
			buildSettings = {
				ALWAYS_EMBED_SWIFT_STANDARD_LIBRARIES = YES;
				BUNDLE_LOADER = "$(TEST_HOST)";
				CODE_SIGN_STYLE = Automatic;
				INFOPLIST_FILE = CIS657_Hw3Tests/Info.plist;
				LD_RUNPATH_SEARCH_PATHS = (
					"$(inherited)",
					"@executable_path/Frameworks",
					"@loader_path/Frameworks",
				);
				PRODUCT_BUNDLE_IDENTIFIER = "gvsu-mai-rkd.CIS657-Hw3Tests";
				PRODUCT_NAME = "$(TARGET_NAME)";
				SWIFT_VERSION = 5.0;
				TARGETED_DEVICE_FAMILY = "1,2";
				TEST_HOST = "$(BUILT_PRODUCTS_DIR)/CIS657_Hw3.app/CIS657_Hw3";
			};
			name = Release;
		};
		8EA7D76D228B984900452676 /* Debug */ = {
			isa = XCBuildConfiguration;
			buildSettings = {
				ALWAYS_EMBED_SWIFT_STANDARD_LIBRARIES = YES;
				CODE_SIGN_STYLE = Automatic;
				INFOPLIST_FILE = CIS657_Hw3UITests/Info.plist;
				LD_RUNPATH_SEARCH_PATHS = (
					"$(inherited)",
					"@executable_path/Frameworks",
					"@loader_path/Frameworks",
				);
				PRODUCT_BUNDLE_IDENTIFIER = "gvsu-mai-rkd.CIS657-Hw3UITests";
				PRODUCT_NAME = "$(TARGET_NAME)";
				SWIFT_VERSION = 5.0;
				TARGETED_DEVICE_FAMILY = "1,2";
				TEST_TARGET_NAME = CIS657_Hw3;
			};
			name = Debug;
		};
		8EA7D76E228B984900452676 /* Release */ = {
			isa = XCBuildConfiguration;
			buildSettings = {
				ALWAYS_EMBED_SWIFT_STANDARD_LIBRARIES = YES;
				CODE_SIGN_STYLE = Automatic;
				INFOPLIST_FILE = CIS657_Hw3UITests/Info.plist;
				LD_RUNPATH_SEARCH_PATHS = (
					"$(inherited)",
					"@executable_path/Frameworks",
					"@loader_path/Frameworks",
				);
				PRODUCT_BUNDLE_IDENTIFIER = "gvsu-mai-rkd.CIS657-Hw3UITests";
				PRODUCT_NAME = "$(TARGET_NAME)";
				SWIFT_VERSION = 5.0;
				TARGETED_DEVICE_FAMILY = "1,2";
				TEST_TARGET_NAME = CIS657_Hw3;
			};
			name = Release;
		};
/* End XCBuildConfiguration section */

/* Begin XCConfigurationList section */
		8EA7D739228B984800452676 /* Build configuration list for PBXProject "CIS657_Hw3" */ = {
			isa = XCConfigurationList;
			buildConfigurations = (
				8EA7D764228B984900452676 /* Debug */,
				8EA7D765228B984900452676 /* Release */,
			);
			defaultConfigurationIsVisible = 0;
			defaultConfigurationName = Release;
		};
		8EA7D766228B984900452676 /* Build configuration list for PBXNativeTarget "CIS657_Hw3" */ = {
			isa = XCConfigurationList;
			buildConfigurations = (
				8EA7D767228B984900452676 /* Debug */,
				8EA7D768228B984900452676 /* Release */,
			);
			defaultConfigurationIsVisible = 0;
			defaultConfigurationName = Release;
		};
		8EA7D769228B984900452676 /* Build configuration list for PBXNativeTarget "CIS657_Hw3Tests" */ = {
			isa = XCConfigurationList;
			buildConfigurations = (
				8EA7D76A228B984900452676 /* Debug */,
				8EA7D76B228B984900452676 /* Release */,
			);
			defaultConfigurationIsVisible = 0;
			defaultConfigurationName = Release;
		};
		8EA7D76C228B984900452676 /* Build configuration list for PBXNativeTarget "CIS657_Hw3UITests" */ = {
			isa = XCConfigurationList;
			buildConfigurations = (
				8EA7D76D228B984900452676 /* Debug */,
				8EA7D76E228B984900452676 /* Release */,
			);
			defaultConfigurationIsVisible = 0;
			defaultConfigurationName = Release;
		};
/* End XCConfigurationList section */
	};
	rootObject = 8EA7D736228B984800452676 /* Project object */;
}
